
Microsoft Visual Studio Solution File, Format Version 12.00
# Visual Studio Version 16
VisualStudioVersion = 16.0.29411.108
MinimumVisualStudioVersion = 10.0.40219.1
Project("{9A19103F-16F7-4668-BE54-9A1E7A4F7556}") = "ElMercadito.Common", "ElMercadito.Common\ElMercadito.Common.csproj", "{9448D7AB-BEAA-4DA7-A761-637B70ECFAF9}"
EndProject
Project("{9A19103F-16F7-4668-BE54-9A1E7A4F7556}") = "ElMercadito.Web", "ElMercadito.Web\ElMercadito.Web.csproj", "{4F626B10-EE55-4742-BBAC-8EFF71E486B8}"
EndProject
Project("{FAE04EC0-301F-11D3-BF4B-00C04F79EFBC}") = "ElMercadito.Prism", "ElMercadito.Prism\ElMercadito.Prism\ElMercadito.Prism.csproj", "{930DC0D6-0EFF-4985-A019-C1D25D280F51}"
EndProject
Project("{FAE04EC0-301F-11D3-BF4B-00C04F79EFBC}") = "ElMercadito.Prism.Android", "ElMercadito.Prism\ElMercadito.Prism.Android\ElMercadito.Prism.Android.csproj", "{40D50197-E3BD-4FB5-A5F6-D9B10C13E4FD}"
EndProject
Project("{FAE04EC0-301F-11D3-BF4B-00C04F79EFBC}") = "ElMercadito.Prism.iOS", "ElMercadito.Prism\ElMercadito.Prism.iOS\ElMercadito.Prism.iOS.csproj", "{434B01A9-F3BA-4B67-86DA-5A9BCF51986B}"
EndProject
Global
	GlobalSection(SolutionConfigurationPlatforms) = preSolution
		Ad-Hoc|Any CPU = Ad-Hoc|Any CPU
		Ad-Hoc|ARM = Ad-Hoc|ARM
		Ad-Hoc|iPhone = Ad-Hoc|iPhone
		Ad-Hoc|iPhoneSimulator = Ad-Hoc|iPhoneSimulator
		Ad-Hoc|x64 = Ad-Hoc|x64
		Ad-Hoc|x86 = Ad-Hoc|x86
		AppStore|Any CPU = AppStore|Any CPU
		AppStore|ARM = AppStore|ARM
		AppStore|iPhone = AppStore|iPhone
		AppStore|iPhoneSimulator = AppStore|iPhoneSimulator
		AppStore|x64 = AppStore|x64
		AppStore|x86 = AppStore|x86
		Debug|Any CPU = Debug|Any CPU
		Debug|ARM = Debug|ARM
		Debug|iPhone = Debug|iPhone
		Debug|iPhoneSimulator = Debug|iPhoneSimulator
		Debug|x64 = Debug|x64
		Debug|x86 = Debug|x86
		Release|Any CPU = Release|Any CPU
		Release|ARM = Release|ARM
		Release|iPhone = Release|iPhone
		Release|iPhoneSimulator = Release|iPhoneSimulator
		Release|x64 = Release|x64
		Release|x86 = Release|x86
	EndGlobalSection
	GlobalSection(ProjectConfigurationPlatforms) = postSolution
		{9448D7AB-BEAA-4DA7-A761-637B70ECFAF9}.Ad-Hoc|Any CPU.ActiveCfg = Release|Any CPU
		{9448D7AB-BEAA-4DA7-A761-637B70ECFAF9}.Ad-Hoc|Any CPU.Build.0 = Release|Any CPU
		{9448D7AB-BEAA-4DA7-A761-637B70ECFAF9}.Ad-Hoc|ARM.ActiveCfg = Release|Any CPU
		{9448D7AB-BEAA-4DA7-A761-637B70ECFAF9}.Ad-Hoc|ARM.Build.0 = Release|Any CPU
		{9448D7AB-BEAA-4DA7-A761-637B70ECFAF9}.Ad-Hoc|iPhone.ActiveCfg = Release|Any CPU
		{9448D7AB-BEAA-4DA7-A761-637B70ECFAF9}.Ad-Hoc|iPhone.Build.0 = Release|Any CPU
		{9448D7AB-BEAA-4DA7-A761-637B70ECFAF9}.Ad-Hoc|iPhoneSimulator.ActiveCfg = Release|Any CPU
		{9448D7AB-BEAA-4DA7-A761-637B70ECFAF9}.Ad-Hoc|iPhoneSimulator.Build.0 = Release|Any CPU
		{9448D7AB-BEAA-4DA7-A761-637B70ECFAF9}.Ad-Hoc|x64.ActiveCfg = Release|Any CPU
		{9448D7AB-BEAA-4DA7-A761-637B70ECFAF9}.Ad-Hoc|x64.Build.0 = Release|Any CPU
		{9448D7AB-BEAA-4DA7-A761-637B70ECFAF9}.Ad-Hoc|x86.ActiveCfg = Release|Any CPU
		{9448D7AB-BEAA-4DA7-A761-637B70ECFAF9}.Ad-Hoc|x86.Build.0 = Release|Any CPU
		{9448D7AB-BEAA-4DA7-A761-637B70ECFAF9}.AppStore|Any CPU.ActiveCfg = Release|Any CPU
		{9448D7AB-BEAA-4DA7-A761-637B70ECFAF9}.AppStore|Any CPU.Build.0 = Release|Any CPU
		{9448D7AB-BEAA-4DA7-A761-637B70ECFAF9}.AppStore|ARM.ActiveCfg = Release|Any CPU
		{9448D7AB-BEAA-4DA7-A761-637B70ECFAF9}.AppStore|ARM.Build.0 = Release|Any CPU
		{9448D7AB-BEAA-4DA7-A761-637B70ECFAF9}.AppStore|iPhone.ActiveCfg = Release|Any CPU
		{9448D7AB-BEAA-4DA7-A761-637B70ECFAF9}.AppStore|iPhone.Build.0 = Release|Any CPU
		{9448D7AB-BEAA-4DA7-A761-637B70ECFAF9}.AppStore|iPhoneSimulator.ActiveCfg = Release|Any CPU
		{9448D7AB-BEAA-4DA7-A761-637B70ECFAF9}.AppStore|iPhoneSimulator.Build.0 = Release|Any CPU
		{9448D7AB-BEAA-4DA7-A761-637B70ECFAF9}.AppStore|x64.ActiveCfg = Release|Any CPU
		{9448D7AB-BEAA-4DA7-A761-637B70ECFAF9}.AppStore|x64.Build.0 = Release|Any CPU
		{9448D7AB-BEAA-4DA7-A761-637B70ECFAF9}.AppStore|x86.ActiveCfg = Release|Any CPU
		{9448D7AB-BEAA-4DA7-A761-637B70ECFAF9}.AppStore|x86.Build.0 = Release|Any CPU
		{9448D7AB-BEAA-4DA7-A761-637B70ECFAF9}.Debug|Any CPU.ActiveCfg = Debug|Any CPU
		{9448D7AB-BEAA-4DA7-A761-637B70ECFAF9}.Debug|Any CPU.Build.0 = Debug|Any CPU
		{9448D7AB-BEAA-4DA7-A761-637B70ECFAF9}.Debug|ARM.ActiveCfg = Debug|Any CPU
		{9448D7AB-BEAA-4DA7-A761-637B70ECFAF9}.Debug|ARM.Build.0 = Debug|Any CPU
		{9448D7AB-BEAA-4DA7-A761-637B70ECFAF9}.Debug|iPhone.ActiveCfg = Debug|Any CPU
		{9448D7AB-BEAA-4DA7-A761-637B70ECFAF9}.Debug|iPhone.Build.0 = Debug|Any CPU
		{9448D7AB-BEAA-4DA7-A761-637B70ECFAF9}.Debug|iPhoneSimulator.ActiveCfg = Debug|Any CPU
		{9448D7AB-BEAA-4DA7-A761-637B70ECFAF9}.Debug|iPhoneSimulator.Build.0 = Debug|Any CPU
		{9448D7AB-BEAA-4DA7-A761-637B70ECFAF9}.Debug|x64.ActiveCfg = Debug|Any CPU
		{9448D7AB-BEAA-4DA7-A761-637B70ECFAF9}.Debug|x64.Build.0 = Debug|Any CPU
		{9448D7AB-BEAA-4DA7-A761-637B70ECFAF9}.Debug|x86.ActiveCfg = Debug|Any CPU
		{9448D7AB-BEAA-4DA7-A761-637B70ECFAF9}.Debug|x86.Build.0 = Debug|Any CPU
		{9448D7AB-BEAA-4DA7-A761-637B70ECFAF9}.Release|Any CPU.ActiveCfg = Release|Any CPU
		{9448D7AB-BEAA-4DA7-A761-637B70ECFAF9}.Release|Any CPU.Build.0 = Release|Any CPU
		{9448D7AB-BEAA-4DA7-A761-637B70ECFAF9}.Release|ARM.ActiveCfg = Release|Any CPU
		{9448D7AB-BEAA-4DA7-A761-637B70ECFAF9}.Release|ARM.Build.0 = Release|Any CPU
		{9448D7AB-BEAA-4DA7-A761-637B70ECFAF9}.Release|iPhone.ActiveCfg = Release|Any CPU
		{9448D7AB-BEAA-4DA7-A761-637B70ECFAF9}.Release|iPhone.Build.0 = Release|Any CPU
		{9448D7AB-BEAA-4DA7-A761-637B70ECFAF9}.Release|iPhoneSimulator.ActiveCfg = Release|Any CPU
		{9448D7AB-BEAA-4DA7-A761-637B70ECFAF9}.Release|iPhoneSimulator.Build.0 = Release|Any CPU
		{9448D7AB-BEAA-4DA7-A761-637B70ECFAF9}.Release|x64.ActiveCfg = Release|Any CPU
		{9448D7AB-BEAA-4DA7-A761-637B70ECFAF9}.Release|x64.Build.0 = Release|Any CPU
		{9448D7AB-BEAA-4DA7-A761-637B70ECFAF9}.Release|x86.ActiveCfg = Release|Any CPU
		{9448D7AB-BEAA-4DA7-A761-637B70ECFAF9}.Release|x86.Build.0 = Release|Any CPU
		{4F626B10-EE55-4742-BBAC-8EFF71E486B8}.Ad-Hoc|Any CPU.ActiveCfg = Release|Any CPU
		{4F626B10-EE55-4742-BBAC-8EFF71E486B8}.Ad-Hoc|Any CPU.Build.0 = Release|Any CPU
		{4F626B10-EE55-4742-BBAC-8EFF71E486B8}.Ad-Hoc|ARM.ActiveCfg = Release|Any CPU
		{4F626B10-EE55-4742-BBAC-8EFF71E486B8}.Ad-Hoc|ARM.Build.0 = Release|Any CPU
		{4F626B10-EE55-4742-BBAC-8EFF71E486B8}.Ad-Hoc|iPhone.ActiveCfg = Release|Any CPU
		{4F626B10-EE55-4742-BBAC-8EFF71E486B8}.Ad-Hoc|iPhone.Build.0 = Release|Any CPU
		{4F626B10-EE55-4742-BBAC-8EFF71E486B8}.Ad-Hoc|iPhoneSimulator.ActiveCfg = Release|Any CPU
		{4F626B10-EE55-4742-BBAC-8EFF71E486B8}.Ad-Hoc|iPhoneSimulator.Build.0 = Release|Any CPU
		{4F626B10-EE55-4742-BBAC-8EFF71E486B8}.Ad-Hoc|x64.ActiveCfg = Release|Any CPU
		{4F626B10-EE55-4742-BBAC-8EFF71E486B8}.Ad-Hoc|x64.Build.0 = Release|Any CPU
		{4F626B10-EE55-4742-BBAC-8EFF71E486B8}.Ad-Hoc|x86.ActiveCfg = Release|Any CPU
		{4F626B10-EE55-4742-BBAC-8EFF71E486B8}.Ad-Hoc|x86.Build.0 = Release|Any CPU
		{4F626B10-EE55-4742-BBAC-8EFF71E486B8}.AppStore|Any CPU.ActiveCfg = Release|Any CPU
		{4F626B10-EE55-4742-BBAC-8EFF71E486B8}.AppStore|Any CPU.Build.0 = Release|Any CPU
		{4F626B10-EE55-4742-BBAC-8EFF71E486B8}.AppStore|ARM.ActiveCfg = Release|Any CPU
		{4F626B10-EE55-4742-BBAC-8EFF71E486B8}.AppStore|ARM.Build.0 = Release|Any CPU
		{4F626B10-EE55-4742-BBAC-8EFF71E486B8}.AppStore|iPhone.ActiveCfg = Release|Any CPU
		{4F626B10-EE55-4742-BBAC-8EFF71E486B8}.AppStore|iPhone.Build.0 = Release|Any CPU
		{4F626B10-EE55-4742-BBAC-8EFF71E486B8}.AppStore|iPhoneSimulator.ActiveCfg = Release|Any CPU
		{4F626B10-EE55-4742-BBAC-8EFF71E486B8}.AppStore|iPhoneSimulator.Build.0 = Release|Any CPU
		{4F626B10-EE55-4742-BBAC-8EFF71E486B8}.AppStore|x64.ActiveCfg = Release|Any CPU
		{4F626B10-EE55-4742-BBAC-8EFF71E486B8}.AppStore|x64.Build.0 = Release|Any CPU
		{4F626B10-EE55-4742-BBAC-8EFF71E486B8}.AppStore|x86.ActiveCfg = Release|Any CPU
		{4F626B10-EE55-4742-BBAC-8EFF71E486B8}.AppStore|x86.Build.0 = Release|Any CPU
		{4F626B10-EE55-4742-BBAC-8EFF71E486B8}.Debug|Any CPU.ActiveCfg = Debug|Any CPU
		{4F626B10-EE55-4742-BBAC-8EFF71E486B8}.Debug|Any CPU.Build.0 = Debug|Any CPU
		{4F626B10-EE55-4742-BBAC-8EFF71E486B8}.Debug|ARM.ActiveCfg = Debug|Any CPU
		{4F626B10-EE55-4742-BBAC-8EFF71E486B8}.Debug|ARM.Build.0 = Debug|Any CPU
		{4F626B10-EE55-4742-BBAC-8EFF71E486B8}.Debug|iPhone.ActiveCfg = Debug|Any CPU
		{4F626B10-EE55-4742-BBAC-8EFF71E486B8}.Debug|iPhone.Build.0 = Debug|Any CPU
		{4F626B10-EE55-4742-BBAC-8EFF71E486B8}.Debug|iPhoneSimulator.ActiveCfg = Debug|Any CPU
		{4F626B10-EE55-4742-BBAC-8EFF71E486B8}.Debug|iPhoneSimulator.Build.0 = Debug|Any CPU
		{4F626B10-EE55-4742-BBAC-8EFF71E486B8}.Debug|x64.ActiveCfg = Debug|Any CPU
		{4F626B10-EE55-4742-BBAC-8EFF71E486B8}.Debug|x64.Build.0 = Debug|Any CPU
		{4F626B10-EE55-4742-BBAC-8EFF71E486B8}.Debug|x86.ActiveCfg = Debug|Any CPU
		{4F626B10-EE55-4742-BBAC-8EFF71E486B8}.Debug|x86.Build.0 = Debug|Any CPU
		{4F626B10-EE55-4742-BBAC-8EFF71E486B8}.Release|Any CPU.ActiveCfg = Release|Any CPU
		{4F626B10-EE55-4742-BBAC-8EFF71E486B8}.Release|Any CPU.Build.0 = Release|Any CPU
		{4F626B10-EE55-4742-BBAC-8EFF71E486B8}.Release|ARM.ActiveCfg = Release|Any CPU
		{4F626B10-EE55-4742-BBAC-8EFF71E486B8}.Release|ARM.Build.0 = Release|Any CPU
		{4F626B10-EE55-4742-BBAC-8EFF71E486B8}.Release|iPhone.ActiveCfg = Release|Any CPU
		{4F626B10-EE55-4742-BBAC-8EFF71E486B8}.Release|iPhone.Build.0 = Release|Any CPU
		{4F626B10-EE55-4742-BBAC-8EFF71E486B8}.Release|iPhoneSimulator.ActiveCfg = Release|Any CPU
		{4F626B10-EE55-4742-BBAC-8EFF71E486B8}.Release|iPhoneSimulator.Build.0 = Release|Any CPU
		{4F626B10-EE55-4742-BBAC-8EFF71E486B8}.Release|x64.ActiveCfg = Release|Any CPU
		{4F626B10-EE55-4742-BBAC-8EFF71E486B8}.Release|x64.Build.0 = Release|Any CPU
		{4F626B10-EE55-4742-BBAC-8EFF71E486B8}.Release|x86.ActiveCfg = Release|Any CPU
		{4F626B10-EE55-4742-BBAC-8EFF71E486B8}.Release|x86.Build.0 = Release|Any CPU
		{930DC0D6-0EFF-4985-A019-C1D25D280F51}.Ad-Hoc|Any CPU.ActiveCfg = Debug|Any CPU
		{930DC0D6-0EFF-4985-A019-C1D25D280F51}.Ad-Hoc|Any CPU.Build.0 = Debug|Any CPU
		{930DC0D6-0EFF-4985-A019-C1D25D280F51}.Ad-Hoc|ARM.ActiveCfg = Debug|Any CPU
		{930DC0D6-0EFF-4985-A019-C1D25D280F51}.Ad-Hoc|ARM.Build.0 = Debug|Any CPU
		{930DC0D6-0EFF-4985-A019-C1D25D280F51}.Ad-Hoc|iPhone.ActiveCfg = Debug|Any CPU
		{930DC0D6-0EFF-4985-A019-C1D25D280F51}.Ad-Hoc|iPhone.Build.0 = Debug|Any CPU
		{930DC0D6-0EFF-4985-A019-C1D25D280F51}.Ad-Hoc|iPhoneSimulator.ActiveCfg = Debug|Any CPU
		{930DC0D6-0EFF-4985-A019-C1D25D280F51}.Ad-Hoc|iPhoneSimulator.Build.0 = Debug|Any CPU
		{930DC0D6-0EFF-4985-A019-C1D25D280F51}.Ad-Hoc|x64.ActiveCfg = Debug|Any CPU
		{930DC0D6-0EFF-4985-A019-C1D25D280F51}.Ad-Hoc|x64.Build.0 = Debug|Any CPU
		{930DC0D6-0EFF-4985-A019-C1D25D280F51}.Ad-Hoc|x86.ActiveCfg = Debug|Any CPU
		{930DC0D6-0EFF-4985-A019-C1D25D280F51}.Ad-Hoc|x86.Build.0 = Debug|Any CPU
		{930DC0D6-0EFF-4985-A019-C1D25D280F51}.AppStore|Any CPU.ActiveCfg = Debug|Any CPU
		{930DC0D6-0EFF-4985-A019-C1D25D280F51}.AppStore|Any CPU.Build.0 = Debug|Any CPU
		{930DC0D6-0EFF-4985-A019-C1D25D280F51}.AppStore|ARM.ActiveCfg = Debug|Any CPU
		{930DC0D6-0EFF-4985-A019-C1D25D280F51}.AppStore|ARM.Build.0 = Debug|Any CPU
		{930DC0D6-0EFF-4985-A019-C1D25D280F51}.AppStore|iPhone.ActiveCfg = Debug|Any CPU
		{930DC0D6-0EFF-4985-A019-C1D25D280F51}.AppStore|iPhone.Build.0 = Debug|Any CPU
		{930DC0D6-0EFF-4985-A019-C1D25D280F51}.AppStore|iPhoneSimulator.ActiveCfg = Debug|Any CPU
		{930DC0D6-0EFF-4985-A019-C1D25D280F51}.AppStore|iPhoneSimulator.Build.0 = Debug|Any CPU
		{930DC0D6-0EFF-4985-A019-C1D25D280F51}.AppStore|x64.ActiveCfg = Debug|Any CPU
		{930DC0D6-0EFF-4985-A019-C1D25D280F51}.AppStore|x64.Build.0 = Debug|Any CPU
		{930DC0D6-0EFF-4985-A019-C1D25D280F51}.AppStore|x86.ActiveCfg = Debug|Any CPU
		{930DC0D6-0EFF-4985-A019-C1D25D280F51}.AppStore|x86.Build.0 = Debug|Any CPU
		{930DC0D6-0EFF-4985-A019-C1D25D280F51}.Debug|Any CPU.ActiveCfg = Debug|Any CPU
		{930DC0D6-0EFF-4985-A019-C1D25D280F51}.Debug|Any CPU.Build.0 = Debug|Any CPU
		{930DC0D6-0EFF-4985-A019-C1D25D280F51}.Debug|ARM.ActiveCfg = Debug|Any CPU
		{930DC0D6-0EFF-4985-A019-C1D25D280F51}.Debug|ARM.Build.0 = Debug|Any CPU
		{930DC0D6-0EFF-4985-A019-C1D25D280F51}.Debug|iPhone.ActiveCfg = Debug|Any CPU
		{930DC0D6-0EFF-4985-A019-C1D25D280F51}.Debug|iPhone.Build.0 = Debug|Any CPU
		{930DC0D6-0EFF-4985-A019-C1D25D280F51}.Debug|iPhoneSimulator.ActiveCfg = Debug|Any CPU
		{930DC0D6-0EFF-4985-A019-C1D25D280F51}.Debug|iPhoneSimulator.Build.0 = Debug|Any CPU
		{930DC0D6-0EFF-4985-A019-C1D25D280F51}.Debug|x64.ActiveCfg = Debug|Any CPU
		{930DC0D6-0EFF-4985-A019-C1D25D280F51}.Debug|x64.Build.0 = Debug|Any CPU
		{930DC0D6-0EFF-4985-A019-C1D25D280F51}.Debug|x86.ActiveCfg = Debug|Any CPU
		{930DC0D6-0EFF-4985-A019-C1D25D280F51}.Debug|x86.Build.0 = Debug|Any CPU
		{930DC0D6-0EFF-4985-A019-C1D25D280F51}.Release|Any CPU.ActiveCfg = Release|Any CPU
		{930DC0D6-0EFF-4985-A019-C1D25D280F51}.Release|Any CPU.Build.0 = Release|Any CPU
		{930DC0D6-0EFF-4985-A019-C1D25D280F51}.Release|ARM.ActiveCfg = Release|Any CPU
		{930DC0D6-0EFF-4985-A019-C1D25D280F51}.Release|ARM.Build.0 = Release|Any CPU
		{930DC0D6-0EFF-4985-A019-C1D25D280F51}.Release|iPhone.ActiveCfg = Release|Any CPU
		{930DC0D6-0EFF-4985-A019-C1D25D280F51}.Release|iPhone.Build.0 = Release|Any CPU
		{930DC0D6-0EFF-4985-A019-C1D25D280F51}.Release|iPhoneSimulator.ActiveCfg = Release|Any CPU
		{930DC0D6-0EFF-4985-A019-C1D25D280F51}.Release|iPhoneSimulator.Build.0 = Release|Any CPU
		{930DC0D6-0EFF-4985-A019-C1D25D280F51}.Release|x64.ActiveCfg = Release|Any CPU
		{930DC0D6-0EFF-4985-A019-C1D25D280F51}.Release|x64.Build.0 = Release|Any CPU
		{930DC0D6-0EFF-4985-A019-C1D25D280F51}.Release|x86.ActiveCfg = Release|Any CPU
		{930DC0D6-0EFF-4985-A019-C1D25D280F51}.Release|x86.Build.0 = Release|Any CPU
		{40D50197-E3BD-4FB5-A5F6-D9B10C13E4FD}.Ad-Hoc|Any CPU.ActiveCfg = Release|Any CPU
		{40D50197-E3BD-4FB5-A5F6-D9B10C13E4FD}.Ad-Hoc|Any CPU.Build.0 = Release|Any CPU
		{40D50197-E3BD-4FB5-A5F6-D9B10C13E4FD}.Ad-Hoc|Any CPU.Deploy.0 = Release|Any CPU
		{40D50197-E3BD-4FB5-A5F6-D9B10C13E4FD}.Ad-Hoc|ARM.ActiveCfg = Release|Any CPU
		{40D50197-E3BD-4FB5-A5F6-D9B10C13E4FD}.Ad-Hoc|ARM.Build.0 = Release|Any CPU
		{40D50197-E3BD-4FB5-A5F6-D9B10C13E4FD}.Ad-Hoc|ARM.Deploy.0 = Release|Any CPU
		{40D50197-E3BD-4FB5-A5F6-D9B10C13E4FD}.Ad-Hoc|iPhone.ActiveCfg = Release|Any CPU
		{40D50197-E3BD-4FB5-A5F6-D9B10C13E4FD}.Ad-Hoc|iPhone.Build.0 = Release|Any CPU
		{40D50197-E3BD-4FB5-A5F6-D9B10C13E4FD}.Ad-Hoc|iPhone.Deploy.0 = Release|Any CPU
		{40D50197-E3BD-4FB5-A5F6-D9B10C13E4FD}.Ad-Hoc|iPhoneSimulator.ActiveCfg = Release|Any CPU
		{40D50197-E3BD-4FB5-A5F6-D9B10C13E4FD}.Ad-Hoc|iPhoneSimulator.Build.0 = Release|Any CPU
		{40D50197-E3BD-4FB5-A5F6-D9B10C13E4FD}.Ad-Hoc|iPhoneSimulator.Deploy.0 = Release|Any CPU
		{40D50197-E3BD-4FB5-A5F6-D9B10C13E4FD}.Ad-Hoc|x64.ActiveCfg = Release|Any CPU
		{40D50197-E3BD-4FB5-A5F6-D9B10C13E4FD}.Ad-Hoc|x64.Build.0 = Release|Any CPU
		{40D50197-E3BD-4FB5-A5F6-D9B10C13E4FD}.Ad-Hoc|x64.Deploy.0 = Release|Any CPU
		{40D50197-E3BD-4FB5-A5F6-D9B10C13E4FD}.Ad-Hoc|x86.ActiveCfg = Release|Any CPU
		{40D50197-E3BD-4FB5-A5F6-D9B10C13E4FD}.Ad-Hoc|x86.Build.0 = Release|Any CPU
		{40D50197-E3BD-4FB5-A5F6-D9B10C13E4FD}.Ad-Hoc|x86.Deploy.0 = Release|Any CPU
		{40D50197-E3BD-4FB5-A5F6-D9B10C13E4FD}.AppStore|Any CPU.ActiveCfg = Release|Any CPU
		{40D50197-E3BD-4FB5-A5F6-D9B10C13E4FD}.AppStore|Any CPU.Build.0 = Release|Any CPU
		{40D50197-E3BD-4FB5-A5F6-D9B10C13E4FD}.AppStore|Any CPU.Deploy.0 = Release|Any CPU
		{40D50197-E3BD-4FB5-A5F6-D9B10C13E4FD}.AppStore|ARM.ActiveCfg = Release|Any CPU
		{40D50197-E3BD-4FB5-A5F6-D9B10C13E4FD}.AppStore|ARM.Build.0 = Release|Any CPU
		{40D50197-E3BD-4FB5-A5F6-D9B10C13E4FD}.AppStore|ARM.Deploy.0 = Release|Any CPU
		{40D50197-E3BD-4FB5-A5F6-D9B10C13E4FD}.AppStore|iPhone.ActiveCfg = Release|Any CPU
		{40D50197-E3BD-4FB5-A5F6-D9B10C13E4FD}.AppStore|iPhone.Build.0 = Release|Any CPU
		{40D50197-E3BD-4FB5-A5F6-D9B10C13E4FD}.AppStore|iPhone.Deploy.0 = Release|Any CPU
		{40D50197-E3BD-4FB5-A5F6-D9B10C13E4FD}.AppStore|iPhoneSimulator.ActiveCfg = Release|Any CPU
		{40D50197-E3BD-4FB5-A5F6-D9B10C13E4FD}.AppStore|iPhoneSimulator.Build.0 = Release|Any CPU
		{40D50197-E3BD-4FB5-A5F6-D9B10C13E4FD}.AppStore|iPhoneSimulator.Deploy.0 = Release|Any CPU
		{40D50197-E3BD-4FB5-A5F6-D9B10C13E4FD}.AppStore|x64.ActiveCfg = Release|Any CPU
		{40D50197-E3BD-4FB5-A5F6-D9B10C13E4FD}.AppStore|x64.Build.0 = Release|Any CPU
		{40D50197-E3BD-4FB5-A5F6-D9B10C13E4FD}.AppStore|x64.Deploy.0 = Release|Any CPU
		{40D50197-E3BD-4FB5-A5F6-D9B10C13E4FD}.AppStore|x86.ActiveCfg = Release|Any CPU
		{40D50197-E3BD-4FB5-A5F6-D9B10C13E4FD}.AppStore|x86.Build.0 = Release|Any CPU
		{40D50197-E3BD-4FB5-A5F6-D9B10C13E4FD}.AppStore|x86.Deploy.0 = Release|Any CPU
		{40D50197-E3BD-4FB5-A5F6-D9B10C13E4FD}.Debug|Any CPU.ActiveCfg = Debug|Any CPU
		{40D50197-E3BD-4FB5-A5F6-D9B10C13E4FD}.Debug|Any CPU.Build.0 = Debug|Any CPU
		{40D50197-E3BD-4FB5-A5F6-D9B10C13E4FD}.Debug|Any CPU.Deploy.0 = Debug|Any CPU
		{40D50197-E3BD-4FB5-A5F6-D9B10C13E4FD}.Debug|ARM.ActiveCfg = Debug|Any CPU
		{40D50197-E3BD-4FB5-A5F6-D9B10C13E4FD}.Debug|ARM.Build.0 = Debug|Any CPU
		{40D50197-E3BD-4FB5-A5F6-D9B10C13E4FD}.Debug|ARM.Deploy.0 = Debug|Any CPU
		{40D50197-E3BD-4FB5-A5F6-D9B10C13E4FD}.Debug|iPhone.ActiveCfg = Debug|Any CPU
		{40D50197-E3BD-4FB5-A5F6-D9B10C13E4FD}.Debug|iPhone.Build.0 = Debug|Any CPU
		{40D50197-E3BD-4FB5-A5F6-D9B10C13E4FD}.Debug|iPhone.Deploy.0 = Debug|Any CPU
		{40D50197-E3BD-4FB5-A5F6-D9B10C13E4FD}.Debug|iPhoneSimulator.ActiveCfg = Debug|Any CPU
		{40D50197-E3BD-4FB5-A5F6-D9B10C13E4FD}.Debug|iPhoneSimulator.Build.0 = Debug|Any CPU
		{40D50197-E3BD-4FB5-A5F6-D9B10C13E4FD}.Debug|iPhoneSimulator.Deploy.0 = Debug|Any CPU
		{40D50197-E3BD-4FB5-A5F6-D9B10C13E4FD}.Debug|x64.ActiveCfg = Debug|Any CPU
		{40D50197-E3BD-4FB5-A5F6-D9B10C13E4FD}.Debug|x64.Build.0 = Debug|Any CPU
		{40D50197-E3BD-4FB5-A5F6-D9B10C13E4FD}.Debug|x64.Deploy.0 = Debug|Any CPU
		{40D50197-E3BD-4FB5-A5F6-D9B10C13E4FD}.Debug|x86.ActiveCfg = Debug|Any CPU
		{40D50197-E3BD-4FB5-A5F6-D9B10C13E4FD}.Debug|x86.Build.0 = Debug|Any CPU
		{40D50197-E3BD-4FB5-A5F6-D9B10C13E4FD}.Debug|x86.Deploy.0 = Debug|Any CPU
		{40D50197-E3BD-4FB5-A5F6-D9B10C13E4FD}.Release|Any CPU.ActiveCfg = Release|Any CPU
		{40D50197-E3BD-4FB5-A5F6-D9B10C13E4FD}.Release|Any CPU.Build.0 = Release|Any CPU
		{40D50197-E3BD-4FB5-A5F6-D9B10C13E4FD}.Release|Any CPU.Deploy.0 = Release|Any CPU
		{40D50197-E3BD-4FB5-A5F6-D9B10C13E4FD}.Release|ARM.ActiveCfg = Release|Any CPU
		{40D50197-E3BD-4FB5-A5F6-D9B10C13E4FD}.Release|ARM.Build.0 = Release|Any CPU
		{40D50197-E3BD-4FB5-A5F6-D9B10C13E4FD}.Release|ARM.Deploy.0 = Release|Any CPU
		{40D50197-E3BD-4FB5-A5F6-D9B10C13E4FD}.Release|iPhone.ActiveCfg = Release|Any CPU
		{40D50197-E3BD-4FB5-A5F6-D9B10C13E4FD}.Release|iPhone.Build.0 = Release|Any CPU
		{40D50197-E3BD-4FB5-A5F6-D9B10C13E4FD}.Release|iPhone.Deploy.0 = Release|Any CPU
		{40D50197-E3BD-4FB5-A5F6-D9B10C13E4FD}.Release|iPhoneSimulator.ActiveCfg = Release|Any CPU
		{40D50197-E3BD-4FB5-A5F6-D9B10C13E4FD}.Release|iPhoneSimulator.Build.0 = Release|Any CPU
		{40D50197-E3BD-4FB5-A5F6-D9B10C13E4FD}.Release|iPhoneSimulator.Deploy.0 = Release|Any CPU
		{40D50197-E3BD-4FB5-A5F6-D9B10C13E4FD}.Release|x64.ActiveCfg = Release|Any CPU
		{40D50197-E3BD-4FB5-A5F6-D9B10C13E4FD}.Release|x64.Build.0 = Release|Any CPU
		{40D50197-E3BD-4FB5-A5F6-D9B10C13E4FD}.Release|x64.Deploy.0 = Release|Any CPU
		{40D50197-E3BD-4FB5-A5F6-D9B10C13E4FD}.Release|x86.ActiveCfg = Release|Any CPU
		{40D50197-E3BD-4FB5-A5F6-D9B10C13E4FD}.Release|x86.Build.0 = Release|Any CPU
		{40D50197-E3BD-4FB5-A5F6-D9B10C13E4FD}.Release|x86.Deploy.0 = Release|Any CPU
		{434B01A9-F3BA-4B67-86DA-5A9BCF51986B}.Ad-Hoc|Any CPU.ActiveCfg = Ad-Hoc|iPhone
		{434B01A9-F3BA-4B67-86DA-5A9BCF51986B}.Ad-Hoc|ARM.ActiveCfg = Ad-Hoc|iPhone
		{434B01A9-F3BA-4B67-86DA-5A9BCF51986B}.Ad-Hoc|iPhone.ActiveCfg = Ad-Hoc|iPhone
		{434B01A9-F3BA-4B67-86DA-5A9BCF51986B}.Ad-Hoc|iPhone.Build.0 = Ad-Hoc|iPhone
		{434B01A9-F3BA-4B67-86DA-5A9BCF51986B}.Ad-Hoc|iPhoneSimulator.ActiveCfg = Ad-Hoc|iPhoneSimulator
		{434B01A9-F3BA-4B67-86DA-5A9BCF51986B}.Ad-Hoc|iPhoneSimulator.Build.0 = Ad-Hoc|iPhoneSimulator
		{434B01A9-F3BA-4B67-86DA-5A9BCF51986B}.Ad-Hoc|x64.ActiveCfg = Ad-Hoc|iPhone
		{434B01A9-F3BA-4B67-86DA-5A9BCF51986B}.Ad-Hoc|x86.ActiveCfg = Ad-Hoc|iPhone
		{434B01A9-F3BA-4B67-86DA-5A9BCF51986B}.AppStore|Any CPU.ActiveCfg = AppStore|iPhone
		{434B01A9-F3BA-4B67-86DA-5A9BCF51986B}.AppStore|ARM.ActiveCfg = AppStore|iPhone
		{434B01A9-F3BA-4B67-86DA-5A9BCF51986B}.AppStore|iPhone.ActiveCfg = AppStore|iPhone
		{434B01A9-F3BA-4B67-86DA-5A9BCF51986B}.AppStore|iPhone.Build.0 = AppStore|iPhone
		{434B01A9-F3BA-4B67-86DA-5A9BCF51986B}.AppStore|iPhoneSimulator.ActiveCfg = AppStore|iPhoneSimulator
		{434B01A9-F3BA-4B67-86DA-5A9BCF51986B}.AppStore|iPhoneSimulator.Build.0 = AppStore|iPhoneSimulator
		{434B01A9-F3BA-4B67-86DA-5A9BCF51986B}.AppStore|x64.ActiveCfg = AppStore|iPhone
		{434B01A9-F3BA-4B67-86DA-5A9BCF51986B}.AppStore|x86.ActiveCfg = AppStore|iPhone
		{434B01A9-F3BA-4B67-86DA-5A9BCF51986B}.Debug|Any CPU.ActiveCfg = Debug|iPhone
		{434B01A9-F3BA-4B67-86DA-5A9BCF51986B}.Debug|ARM.ActiveCfg = Debug|iPhone
		{434B01A9-F3BA-4B67-86DA-5A9BCF51986B}.Debug|iPhone.ActiveCfg = Debug|iPhone
		{434B01A9-F3BA-4B67-86DA-5A9BCF51986B}.Debug|iPhone.Build.0 = Debug|iPhone
		{434B01A9-F3BA-4B67-86DA-5A9BCF51986B}.Debug|iPhoneSimulator.ActiveCfg = Debug|iPhoneSimulator
		{434B01A9-F3BA-4B67-86DA-5A9BCF51986B}.Debug|iPhoneSimulator.Build.0 = Debug|iPhoneSimulator
		{434B01A9-F3BA-4B67-86DA-5A9BCF51986B}.Debug|x64.ActiveCfg = Debug|iPhone
		{434B01A9-F3BA-4B67-86DA-5A9BCF51986B}.Debug|x86.ActiveCfg = Debug|iPhone
		{434B01A9-F3BA-4B67-86DA-5A9BCF51986B}.Release|Any CPU.ActiveCfg = Release|iPhone
		{434B01A9-F3BA-4B67-86DA-5A9BCF51986B}.Release|ARM.ActiveCfg = Release|iPhone
		{434B01A9-F3BA-4B67-86DA-5A9BCF51986B}.Release|iPhone.ActiveCfg = Release|iPhone
		{434B01A9-F3BA-4B67-86DA-5A9BCF51986B}.Release|iPhone.Build.0 = Release|iPhone
		{434B01A9-F3BA-4B67-86DA-5A9BCF51986B}.Release|iPhoneSimulator.ActiveCfg = Release|iPhoneSimulator
		{434B01A9-F3BA-4B67-86DA-5A9BCF51986B}.Release|iPhoneSimulator.Build.0 = Release|iPhoneSimulator
		{434B01A9-F3BA-4B67-86DA-5A9BCF51986B}.Release|x64.ActiveCfg = Release|iPhone
		{434B01A9-F3BA-4B67-86DA-5A9BCF51986B}.Release|x86.ActiveCfg = Release|iPhone
	EndGlobalSection
	GlobalSection(SolutionProperties) = preSolution
		HideSolutionNode = FALSE
	EndGlobalSection
	GlobalSection(ExtensibilityGlobals) = postSolution
		SolutionGuid = {EF208B06-B4AB-4AEC-BEB7-072FFD242FC6}
	EndGlobalSection
EndGlobal
